
Microsoft Visual Studio Solution File, Format Version 12.00
# Visual Studio Version 16
VisualStudioVersion = 16.0.30204.135
MinimumVisualStudioVersion = 10.0.40219.1
Project("{9A19103F-16F7-4668-BE54-9A1E7A4F7556}") = "Shapes", "Shapes.csproj", "{60DED0C8-2C0B-4296-8AAD-7E0C1367F6F8}"
EndProject
Project("{FAE04EC0-301F-11D3-BF4B-00C04F79EFBC}") = "Cars", "..\Cars\Cars.csproj", "{9879B8DD-26BC-49D2-A910-0A344E0908E0}"
EndProject
Global
	GlobalSection(SolutionConfigurationPlatforms) = preSolution
		Debug|Any CPU = Debug|Any CPU
		Release|Any CPU = Release|Any CPU
	EndGlobalSection
	GlobalSection(ProjectConfigurationPlatforms) = postSolution
		{60DED0C8-2C0B-4296-8AAD-7E0C1367F6F8}.Debug|Any CPU.ActiveCfg = Debug|Any CPU
		{60DED0C8-2C0B-4296-8AAD-7E0C1367F6F8}.Debug|Any CPU.Build.0 = Debug|Any CPU
		{60DED0C8-2C0B-4296-8AAD-7E0C1367F6F8}.Release|Any CPU.ActiveCfg = Release|Any CPU
		{60DED0C8-2C0B-4296-8AAD-7E0C1367F6F8}.Release|Any CPU.Build.0 = Release|Any CPU
		{9879B8DD-26BC-49D2-A910-0A344E0908E0}.Debug|Any CPU.ActiveCfg = Debug|Any CPU
		{9879B8DD-26BC-49D2-A910-0A344E0908E0}.Debug|Any CPU.Build.0 = Debug|Any CPU
		{9879B8DD-26BC-49D2-A910-0A344E0908E0}.Release|Any CPU.ActiveCfg = Release|Any CPU
		{9879B8DD-26BC-49D2-A910-0A344E0908E0}.Release|Any CPU.Build.0 = Release|Any CPU
	EndGlobalSection
	GlobalSection(SolutionProperties) = preSolution
		HideSolutionNode = FALSE
	EndGlobalSection
	GlobalSection(ExtensibilityGlobals) = postSolution
		SolutionGuid = {67558BFD-EB65-472F-94CC-C917FB69D681}
	EndGlobalSection
EndGlobal
